
Microsoft Visual Studio Solution File, Format Version 12.00
# Visual Studio 2013
VisualStudioVersion = 12.0.21005.1
MinimumVisualStudioVersion = 10.0.40219.1
Project("{8BC9CEB8-8B4A-11D0-8D11-00A0C91BC942}") = "testsCode", "..\tests\tests.vcxproj", "{D74B84F3-6296-46BF-93B8-8A2BBF3104F5}"
EndProject
Project("{8BC9CEB8-8B4A-11D0-8D11-00A0C91BC942}") = "code", "code\code.vcxproj", "{B1EAB80E-698D-42F3-8AF6-D72FB502DCEC}"
EndProject
Global
	GlobalSection(SolutionConfigurationPlatforms) = preSolution
		Debug|Win32 = Debug|Win32
		Release|Win32 = Release|Win32
	EndGlobalSection
	GlobalSection(ProjectConfigurationPlatforms) = postSolution
		{D74B84F3-6296-46BF-93B8-8A2BBF3104F5}.Debug|Win32.ActiveCfg = Debug|Win32
		{D74B84F3-6296-46BF-93B8-8A2BBF3104F5}.Debug|Win32.Build.0 = Debug|Win32
		{D74B84F3-6296-46BF-93B8-8A2BBF3104F5}.Release|Win32.ActiveCfg = Release|Win32
		{D74B84F3-6296-46BF-93B8-8A2BBF3104F5}.Release|Win32.Build.0 = Release|Win32
		{B1EAB80E-698D-42F3-8AF6-D72FB502DCEC}.Debug|Win32.ActiveCfg = Debug|Win32
		{B1EAB80E-698D-42F3-8AF6-D72FB502DCEC}.Debug|Win32.Build.0 = Debug|Win32
		{B1EAB80E-698D-42F3-8AF6-D72FB502DCEC}.Release|Win32.ActiveCfg = Release|Win32
		{B1EAB80E-698D-42F3-8AF6-D72FB502DCEC}.Release|Win32.Build.0 = Release|Win32
	EndGlobalSection
	GlobalSection(SolutionProperties) = preSolution
		HideSolutionNode = FALSE
	EndGlobalSection
EndGlobal
